// !$*UTF8*$!
{
	archiveVersion = 1;
	classes = {
	};
	objectVersion = 50;
	objects = {

/* Begin PBXBuildFile section */
		03580F3F2422550A00DC3FD7 /* AnalyticsViewController.swift in Sources */ = {isa = PBXBuildFile; fileRef = 03580F3E2422550A00DC3FD7 /* AnalyticsViewController.swift */; };
		03BEDC9D24217FD900DED3D9 /* AppDelegate.swift in Sources */ = {isa = PBXBuildFile; fileRef = 03BEDC9C24217FD900DED3D9 /* AppDelegate.swift */; };
		03BEDC9F24217FD900DED3D9 /* SceneDelegate.swift in Sources */ = {isa = PBXBuildFile; fileRef = 03BEDC9E24217FD900DED3D9 /* SceneDelegate.swift */; };
		03BEDCA124217FD900DED3D9 /* EmotionsViewController.swift in Sources */ = {isa = PBXBuildFile; fileRef = 03BEDCA024217FD900DED3D9 /* EmotionsViewController.swift */; };
		03BEDCA424217FD900DED3D9 /* Main.storyboard in Resources */ = {isa = PBXBuildFile; fileRef = 03BEDCA224217FD900DED3D9 /* Main.storyboard */; };
		03BEDCA724217FD900DED3D9 /* Amazing.xcdatamodeld in Sources */ = {isa = PBXBuildFile; fileRef = 03BEDCA524217FD900DED3D9 /* Amazing.xcdatamodeld */; };
		03BEDCA924217FDA00DED3D9 /* Assets.xcassets in Resources */ = {isa = PBXBuildFile; fileRef = 03BEDCA824217FDA00DED3D9 /* Assets.xcassets */; };
		03BEDCAC24217FDA00DED3D9 /* LaunchScreen.storyboard in Resources */ = {isa = PBXBuildFile; fileRef = 03BEDCAA24217FDA00DED3D9 /* LaunchScreen.storyboard */; };
		03BEDCB724218FEA00DED3D9 /* DataController.swift in Sources */ = {isa = PBXBuildFile; fileRef = 03BEDCB624218FEA00DED3D9 /* DataController.swift */; };
		03EADD8624227DF20032A7BD /* Charts.framework in Frameworks */ = {isa = PBXBuildFile; fileRef = 03EADD8024227D560032A7BD /* Charts.framework */; };
		03EADD8724227DF20032A7BD /* Charts.framework in Embed Frameworks */ = {isa = PBXBuildFile; fileRef = 03EADD8024227D560032A7BD /* Charts.framework */; settings = {ATTRIBUTES = (CodeSignOnCopy, RemoveHeadersOnCopy, ); }; };
/* End PBXBuildFile section */

/* Begin PBXContainerItemProxy section */
		03EADD7F24227D560032A7BD /* PBXContainerItemProxy */ = {
			isa = PBXContainerItemProxy;
			containerPortal = 03EADD7A24227D550032A7BD /* Charts.xcodeproj */;
			proxyType = 2;
			remoteGlobalIDString = 65AD9E95D9ED4DC0BD73A743;
			remoteInfo = Charts;
		};
		03EADD8124227D560032A7BD /* PBXContainerItemProxy */ = {
			isa = PBXContainerItemProxy;
			containerPortal = 03EADD7A24227D550032A7BD /* Charts.xcodeproj */;
			proxyType = 2;
			remoteGlobalIDString = 1CBBC58C6CE1EBEE9852CE41;
			remoteInfo = ChartsTests;
		};
/* End PBXContainerItemProxy section */

/* Begin PBXCopyFilesBuildPhase section */
		03EADD8824227DF20032A7BD /* Embed Frameworks */ = {
			isa = PBXCopyFilesBuildPhase;
			buildActionMask = 2147483647;
			dstPath = "";
			dstSubfolderSpec = 10;
			files = (
				03EADD8724227DF20032A7BD /* Charts.framework in Embed Frameworks */,
			);
			name = "Embed Frameworks";
			runOnlyForDeploymentPostprocessing = 0;
		};
/* End PBXCopyFilesBuildPhase section */

/* Begin PBXFileReference section */
		03580F3E2422550A00DC3FD7 /* AnalyticsViewController.swift */ = {isa = PBXFileReference; lastKnownFileType = sourcecode.swift; path = AnalyticsViewController.swift; sourceTree = "<group>"; };
		03BEDC9924217FD900DED3D9 /* Amazing.app */ = {isa = PBXFileReference; explicitFileType = wrapper.application; includeInIndex = 0; path = Amazing.app; sourceTree = BUILT_PRODUCTS_DIR; };
		03BEDC9C24217FD900DED3D9 /* AppDelegate.swift */ = {isa = PBXFileReference; lastKnownFileType = sourcecode.swift; path = AppDelegate.swift; sourceTree = "<group>"; };
		03BEDC9E24217FD900DED3D9 /* SceneDelegate.swift */ = {isa = PBXFileReference; lastKnownFileType = sourcecode.swift; path = SceneDelegate.swift; sourceTree = "<group>"; };
		03BEDCA024217FD900DED3D9 /* EmotionsViewController.swift */ = {isa = PBXFileReference; lastKnownFileType = sourcecode.swift; path = EmotionsViewController.swift; sourceTree = "<group>"; };
		03BEDCA324217FD900DED3D9 /* Base */ = {isa = PBXFileReference; lastKnownFileType = file.storyboard; name = Base; path = Base.lproj/Main.storyboard; sourceTree = "<group>"; };
		03BEDCA624217FD900DED3D9 /* Amazing.xcdatamodel */ = {isa = PBXFileReference; lastKnownFileType = wrapper.xcdatamodel; path = Amazing.xcdatamodel; sourceTree = "<group>"; };
		03BEDCA824217FDA00DED3D9 /* Assets.xcassets */ = {isa = PBXFileReference; lastKnownFileType = folder.assetcatalog; path = Assets.xcassets; sourceTree = "<group>"; };
		03BEDCAB24217FDA00DED3D9 /* Base */ = {isa = PBXFileReference; lastKnownFileType = file.storyboard; name = Base; path = Base.lproj/LaunchScreen.storyboard; sourceTree = "<group>"; };
		03BEDCAD24217FDA00DED3D9 /* Info.plist */ = {isa = PBXFileReference; lastKnownFileType = text.plist.xml; path = Info.plist; sourceTree = "<group>"; };
		03BEDCB624218FEA00DED3D9 /* DataController.swift */ = {isa = PBXFileReference; lastKnownFileType = sourcecode.swift; path = DataController.swift; sourceTree = "<group>"; };
		03EADD7A24227D550032A7BD /* Charts.xcodeproj */ = {isa = PBXFileReference; lastKnownFileType = "wrapper.pb-project"; name = Charts.xcodeproj; path = "../../../../../../Downloads/Charts-master/Charts.xcodeproj"; sourceTree = "<group>"; };
/* End PBXFileReference section */

/* Begin PBXFrameworksBuildPhase section */
		03BEDC9624217FD900DED3D9 /* Frameworks */ = {
			isa = PBXFrameworksBuildPhase;
			buildActionMask = 2147483647;
			files = (
				03EADD8624227DF20032A7BD /* Charts.framework in Frameworks */,
			);
			runOnlyForDeploymentPostprocessing = 0;
		};
/* End PBXFrameworksBuildPhase section */

/* Begin PBXGroup section */
		03BEDC9024217FD900DED3D9 = {
			isa = PBXGroup;
			children = (
				03EADD7A24227D550032A7BD /* Charts.xcodeproj */,
				03BEDC9B24217FD900DED3D9 /* Amazing */,
				03BEDC9A24217FD900DED3D9 /* Products */,
				03EADD7724227C520032A7BD /* Frameworks */,
			);
			sourceTree = "<group>";
		};
		03BEDC9A24217FD900DED3D9 /* Products */ = {
			isa = PBXGroup;
			children = (
				03BEDC9924217FD900DED3D9 /* Amazing.app */,
			);
			name = Products;
			sourceTree = "<group>";
		};
		03BEDC9B24217FD900DED3D9 /* Amazing */ = {
			isa = PBXGroup;
			children = (
				03BEDCB4242181BA00DED3D9 /* View */,
				03BEDCB3242181AA00DED3D9 /* Controller */,
				03BEDCB5242181CF00DED3D9 /* Supporting files */,
			);
			path = Amazing;
			sourceTree = "<group>";
		};
		03BEDCB3242181AA00DED3D9 /* Controller */ = {
			isa = PBXGroup;
			children = (
				03BEDCA024217FD900DED3D9 /* EmotionsViewController.swift */,
				03BEDCB624218FEA00DED3D9 /* DataController.swift */,
				03580F3E2422550A00DC3FD7 /* AnalyticsViewController.swift */,
			);
			path = Controller;
			sourceTree = "<group>";
		};
		03BEDCB4242181BA00DED3D9 /* View */ = {
			isa = PBXGroup;
			children = (
				03BEDCA224217FD900DED3D9 /* Main.storyboard */,
			);
			path = View;
			sourceTree = "<group>";
		};
		03BEDCB5242181CF00DED3D9 /* Supporting files */ = {
			isa = PBXGroup;
			children = (
				03BEDC9C24217FD900DED3D9 /* AppDelegate.swift */,
				03BEDC9E24217FD900DED3D9 /* SceneDelegate.swift */,
				03BEDCA824217FDA00DED3D9 /* Assets.xcassets */,
				03BEDCAA24217FDA00DED3D9 /* LaunchScreen.storyboard */,
				03BEDCAD24217FDA00DED3D9 /* Info.plist */,
				03BEDCA524217FD900DED3D9 /* Amazing.xcdatamodeld */,
			);
			name = "Supporting files";
			sourceTree = "<group>";
		};
		03EADD7724227C520032A7BD /* Frameworks */ = {
			isa = PBXGroup;
			children = (
			);
			name = Frameworks;
			sourceTree = "<group>";
		};
		03EADD7B24227D550032A7BD /* Products */ = {
			isa = PBXGroup;
			children = (
				03EADD8024227D560032A7BD /* Charts.framework */,
				03EADD8224227D560032A7BD /* ChartsTests.xctest */,
			);
			name = Products;
			sourceTree = "<group>";
		};
/* End PBXGroup section */

/* Begin PBXNativeTarget section */
		03BEDC9824217FD900DED3D9 /* Amazing */ = {
			isa = PBXNativeTarget;
			buildConfigurationList = 03BEDCB024217FDA00DED3D9 /* Build configuration list for PBXNativeTarget "Amazing" */;
			buildPhases = (
				03BEDC9524217FD900DED3D9 /* Sources */,
				03BEDC9624217FD900DED3D9 /* Frameworks */,
				03BEDC9724217FD900DED3D9 /* Resources */,
				03EADD8824227DF20032A7BD /* Embed Frameworks */,
			);
			buildRules = (
			);
			dependencies = (
			);
			name = Amazing;
			packageProductDependencies = (
			);
			productName = Amazing;
			productReference = 03BEDC9924217FD900DED3D9 /* Amazing.app */;
			productType = "com.apple.product-type.application";
		};
/* End PBXNativeTarget section */

/* Begin PBXProject section */
		03BEDC9124217FD900DED3D9 /* Project object */ = {
			isa = PBXProject;
			attributes = {
				LastSwiftUpdateCheck = 1130;
				LastUpgradeCheck = 1130;
				ORGANIZATIONNAME = "Sara Babaei";
				TargetAttributes = {
					03BEDC9824217FD900DED3D9 = {
						CreatedOnToolsVersion = 11.3.1;
					};
				};
			};
			buildConfigurationList = 03BEDC9424217FD900DED3D9 /* Build configuration list for PBXProject "Amazing" */;
			compatibilityVersion = "Xcode 9.3";
			developmentRegion = en;
			hasScannedForEncodings = 0;
			knownRegions = (
				en,
				Base,
			);
			mainGroup = 03BEDC9024217FD900DED3D9;
			productRefGroup = 03BEDC9A24217FD900DED3D9 /* Products */;
			projectDirPath = "";
			projectReferences = (
				{
					ProductGroup = 03EADD7B24227D550032A7BD /* Products */;
					ProjectRef = 03EADD7A24227D550032A7BD /* Charts.xcodeproj */;
				},
			);
			projectRoot = "";
			targets = (
				03BEDC9824217FD900DED3D9 /* Amazing */,
			);
		};
/* End PBXProject section */

/* Begin PBXReferenceProxy section */
		03EADD8024227D560032A7BD /* Charts.framework */ = {
			isa = PBXReferenceProxy;
			fileType = wrapper.framework;
			path = Charts.framework;
			remoteRef = 03EADD7F24227D560032A7BD /* PBXContainerItemProxy */;
			sourceTree = BUILT_PRODUCTS_DIR;
		};
		03EADD8224227D560032A7BD /* ChartsTests.xctest */ = {
			isa = PBXReferenceProxy;
			fileType = wrapper.cfbundle;
			path = ChartsTests.xctest;
			remoteRef = 03EADD8124227D560032A7BD /* PBXContainerItemProxy */;
			sourceTree = BUILT_PRODUCTS_DIR;
		};
/* End PBXReferenceProxy section */

/* Begin PBXResourcesBuildPhase section */
		03BEDC9724217FD900DED3D9 /* Resources */ = {
			isa = PBXResourcesBuildPhase;
			buildActionMask = 2147483647;
			files = (
				03BEDCAC24217FDA00DED3D9 /* LaunchScreen.storyboard in Resources */,
				03BEDCA924217FDA00DED3D9 /* Assets.xcassets in Resources */,
				03BEDCA424217FD900DED3D9 /* Main.storyboard in Resources */,
			);
			runOnlyForDeploymentPostprocessing = 0;
		};
/* End PBXResourcesBuildPhase section */

/* Begin PBXSourcesBuildPhase section */
		03BEDC9524217FD900DED3D9 /* Sources */ = {
			isa = PBXSourcesBuildPhase;
			buildActionMask = 2147483647;
			files = (
				03BEDCB724218FEA00DED3D9 /* DataController.swift in Sources */,
				03BEDCA124217FD900DED3D9 /* EmotionsViewController.swift in Sources */,
				03BEDC9D24217FD900DED3D9 /* AppDelegate.swift in Sources */,
				03BEDC9F24217FD900DED3D9 /* SceneDelegate.swift in Sources */,
				03BEDCA724217FD900DED3D9 /* Amazing.xcdatamodeld in Sources */,
				03580F3F2422550A00DC3FD7 /* AnalyticsViewController.swift in Sources */,
			);
			runOnlyForDeploymentPostprocessing = 0;
		};
/* End PBXSourcesBuildPhase section */

/* Begin PBXVariantGroup section */
		03BEDCA224217FD900DED3D9 /* Main.storyboard */ = {
			isa = PBXVariantGroup;
			children = (
				03BEDCA324217FD900DED3D9 /* Base */,
			);
			name = Main.storyboard;
			sourceTree = "<group>";
		};
		03BEDCAA24217FDA00DED3D9 /* LaunchScreen.storyboard */ = {
			isa = PBXVariantGroup;
			children = (
				03BEDCAB24217FDA00DED3D9 /* Base */,
			);
			name = LaunchScreen.storyboard;
			sourceTree = "<group>";
		};
/* End PBXVariantGroup section */

/* Begin XCBuildConfiguration section */
		03BEDCAE24217FDA00DED3D9 /* Debug */ = {
			isa = XCBuildConfiguration;
			buildSettings = {
				ALWAYS_SEARCH_USER_PATHS = NO;
				CLANG_ANALYZER_NONNULL = YES;
				CLANG_ANALYZER_NUMBER_OBJECT_CONVERSION = YES_AGGRESSIVE;
				CLANG_CXX_LANGUAGE_STANDARD = "gnu++14";
				CLANG_CXX_LIBRARY = "libc++";
				CLANG_ENABLE_MODULES = YES;
				CLANG_ENABLE_OBJC_ARC = YES;
				CLANG_ENABLE_OBJC_WEAK = YES;
				CLANG_WARN_BLOCK_CAPTURE_AUTORELEASING = YES;
				CLANG_WARN_BOOL_CONVERSION = YES;
				CLANG_WARN_COMMA = YES;
				CLANG_WARN_CONSTANT_CONVERSION = YES;
				CLANG_WARN_DEPRECATED_OBJC_IMPLEMENTATIONS = YES;
				CLANG_WARN_DIRECT_OBJC_ISA_USAGE = YES_ERROR;
				CLANG_WARN_DOCUMENTATION_COMMENTS = YES;
				CLANG_WARN_EMPTY_BODY = YES;
				CLANG_WARN_ENUM_CONVERSION = YES;
				CLANG_WARN_INFINITE_RECURSION = YES;
				CLANG_WARN_INT_CONVERSION = YES;
				CLANG_WARN_NON_LITERAL_NULL_CONVERSION = YES;
				CLANG_WARN_OBJC_IMPLICIT_RETAIN_SELF = YES;
				CLANG_WARN_OBJC_LITERAL_CONVERSION = YES;
				CLANG_WARN_OBJC_ROOT_CLASS = YES_ERROR;
				CLANG_WARN_RANGE_LOOP_ANALYSIS = YES;
				CLANG_WARN_STRICT_PROTOTYPES = YES;
				CLANG_WARN_SUSPICIOUS_MOVE = YES;
				CLANG_WARN_UNGUARDED_AVAILABILITY = YES_AGGRESSIVE;
				CLANG_WARN_UNREACHABLE_CODE = YES;
				CLANG_WARN__DUPLICATE_METHOD_MATCH = YES;
				COPY_PHASE_STRIP = NO;
				DEBUG_INFORMATION_FORMAT = dwarf;
				ENABLE_STRICT_OBJC_MSGSEND = YES;
				ENABLE_TESTABILITY = YES;
				GCC_C_LANGUAGE_STANDARD = gnu11;
				GCC_DYNAMIC_NO_PIC = NO;
				GCC_NO_COMMON_BLOCKS = YES;
				GCC_OPTIMIZATION_LEVEL = 0;
				GCC_PREPROCESSOR_DEFINITIONS = (
					"DEBUG=1",
					"$(inherited)",
				);
				GCC_WARN_64_TO_32_BIT_CONVERSION = YES;
				GCC_WARN_ABOUT_RETURN_TYPE = YES_ERROR;
				GCC_WARN_UNDECLARED_SELECTOR = YES;
				GCC_WARN_UNINITIALIZED_AUTOS = YES_AGGRESSIVE;
				GCC_WARN_UNUSED_FUNCTION = YES;
				GCC_WARN_UNUSED_VARIABLE = YES;
				IPHONEOS_DEPLOYMENT_TARGET = 13.2;
				MTL_ENABLE_DEBUG_INFO = INCLUDE_SOURCE;
				MTL_FAST_MATH = YES;
				ONLY_ACTIVE_ARCH = YES;
				SDKROOT = iphoneos;
				SWIFT_ACTIVE_COMPILATION_CONDITIONS = DEBUG;
				SWIFT_OPTIMIZATION_LEVEL = "-Onone";
			};
			name = Debug;
		};
		03BEDCAF24217FDA00DED3D9 /* Release */ = {
			isa = XCBuildConfiguration;
			buildSettings = {
				ALWAYS_SEARCH_USER_PATHS = NO;
				CLANG_ANALYZER_NONNULL = YES;
				CLANG_ANALYZER_NUMBER_OBJECT_CONVERSION = YES_AGGRESSIVE;
				CLANG_CXX_LANGUAGE_STANDARD = "gnu++14";
				CLANG_CXX_LIBRARY = "libc++";
				CLANG_ENABLE_MODULES = YES;
				CLANG_ENABLE_OBJC_ARC = YES;
				CLANG_ENABLE_OBJC_WEAK = YES;
				CLANG_WARN_BLOCK_CAPTURE_AUTORELEASING = YES;
				CLANG_WARN_BOOL_CONVERSION = YES;
				CLANG_WARN_COMMA = YES;
				CLANG_WARN_CONSTANT_CONVERSION = YES;
				CLANG_WARN_DEPRECATED_OBJC_IMPLEMENTATIONS = YES;
				CLANG_WARN_DIRECT_OBJC_ISA_USAGE = YES_ERROR;
				CLANG_WARN_DOCUMENTATION_COMMENTS = YES;
				CLANG_WARN_EMPTY_BODY = YES;
				CLANG_WARN_ENUM_CONVERSION = YES;
				CLANG_WARN_INFINITE_RECURSION = YES;
				CLANG_WARN_INT_CONVERSION = YES;
				CLANG_WARN_NON_LITERAL_NULL_CONVERSION = YES;
				CLANG_WARN_OBJC_IMPLICIT_RETAIN_SELF = YES;
				CLANG_WARN_OBJC_LITERAL_CONVERSION = YES;
				CLANG_WARN_OBJC_ROOT_CLASS = YES_ERROR;
				CLANG_WARN_RANGE_LOOP_ANALYSIS = YES;
				CLANG_WARN_STRICT_PROTOTYPES = YES;
				CLANG_WARN_SUSPICIOUS_MOVE = YES;
				CLANG_WARN_UNGUARDED_AVAILABILITY = YES_AGGRESSIVE;
				CLANG_WARN_UNREACHABLE_CODE = YES;
				CLANG_WARN__DUPLICATE_METHOD_MATCH = YES;
				COPY_PHASE_STRIP = NO;
				DEBUG_INFORMATION_FORMAT = "dwarf-with-dsym";
				ENABLE_NS_ASSERTIONS = NO;
				ENABLE_STRICT_OBJC_MSGSEND = YES;
				GCC_C_LANGUAGE_STANDARD = gnu11;
				GCC_NO_COMMON_BLOCKS = YES;
				GCC_WARN_64_TO_32_BIT_CONVERSION = YES;
				GCC_WARN_ABOUT_RETURN_TYPE = YES_ERROR;
				GCC_WARN_UNDECLARED_SELECTOR = YES;
				GCC_WARN_UNINITIALIZED_AUTOS = YES_AGGRESSIVE;
				GCC_WARN_UNUSED_FUNCTION = YES;
				GCC_WARN_UNUSED_VARIABLE = YES;
				IPHONEOS_DEPLOYMENT_TARGET = 13.2;
				MTL_ENABLE_DEBUG_INFO = NO;
				MTL_FAST_MATH = YES;
				SDKROOT = iphoneos;
				SWIFT_COMPILATION_MODE = wholemodule;
				SWIFT_OPTIMIZATION_LEVEL = "-O";
				VALIDATE_PRODUCT = YES;
			};
			name = Release;
		};
		03BEDCB124217FDA00DED3D9 /* Debug */ = {
			isa = XCBuildConfiguration;
			buildSettings = {
				ASSETCATALOG_COMPILER_APPICON_NAME = AppIcon;
				CODE_SIGN_STYLE = Automatic;
				CURRENT_PROJECT_VERSION = 1.0.1;
				DEVELOPMENT_ASSET_PATHS = "";
				DEVELOPMENT_TEAM = 3QN7DG53LR;
				INFOPLIST_FILE = Amazing/Info.plist;
				IPHONEOS_DEPLOYMENT_TARGET = 11.2;
				LD_RUNPATH_SEARCH_PATHS = (
					"$(inherited)",
					"@executable_path/Frameworks",
				);
				PRODUCT_BUNDLE_IDENTIFIER = org.aut.Amazing;
				PRODUCT_NAME = "$(TARGET_NAME)";
				SWIFT_VERSION = 5.0;
				TARGETED_DEVICE_FAMILY = "1,2";
			};
			name = Debug;
		};
		03BEDCB224217FDA00DED3D9 /* Release */ = {
			isa = XCBuildConfiguration;
			buildSettings = {
				ASSETCATALOG_COMPILER_APPICON_NAME = AppIcon;
				CODE_SIGN_STYLE = Automatic;
				CURRENT_PROJECT_VERSION = 1.0.1;
				DEVELOPMENT_ASSET_PATHS = "";
				DEVELOPMENT_TEAM = 3QN7DG53LR;
				INFOPLIST_FILE = Amazing/Info.plist;
				IPHONEOS_DEPLOYMENT_TARGET = 11.2;
				LD_RUNPATH_SEARCH_PATHS = (
					"$(inherited)",
					"@executable_path/Frameworks",
				);
				PRODUCT_BUNDLE_IDENTIFIER = org.aut.Amazing;
				PRODUCT_NAME = "$(TARGET_NAME)";
				SWIFT_VERSION = 5.0;
				TARGETED_DEVICE_FAMILY = "1,2";
			};
			name = Release;
		};
/* End XCBuildConfiguration section */

/* Begin XCConfigurationList section */
		03BEDC9424217FD900DED3D9 /* Build configuration list for PBXProject "Amazing" */ = {
			isa = XCConfigurationList;
			buildConfigurations = (
				03BEDCAE24217FDA00DED3D9 /* Debug */,
				03BEDCAF24217FDA00DED3D9 /* Release */,
			);
			defaultConfigurationIsVisible = 0;
			defaultConfigurationName = Release;
		};
		03BEDCB024217FDA00DED3D9 /* Build configuration list for PBXNativeTarget "Amazing" */ = {
			isa = XCConfigurationList;
			buildConfigurations = (
				03BEDCB124217FDA00DED3D9 /* Debug */,
				03BEDCB224217FDA00DED3D9 /* Release */,
			);
			defaultConfigurationIsVisible = 0;
			defaultConfigurationName = Release;
		};
/* End XCConfigurationList section */

/* Begin XCVersionGroup section */
		03BEDCA524217FD900DED3D9 /* Amazing.xcdatamodeld */ = {
			isa = XCVersionGroup;
			children = (
				03BEDCA624217FD900DED3D9 /* Amazing.xcdatamodel */,
			);
			currentVersion = 03BEDCA624217FD900DED3D9 /* Amazing.xcdatamodel */;
			path = Amazing.xcdatamodeld;
			sourceTree = "<group>";
			versionGroupType = wrapper.xcdatamodel;
		};
/* End XCVersionGroup section */
	};
	rootObject = 03BEDC9124217FD900DED3D9 /* Project object */;
}
